
Microsoft Visual Studio Solution File, Format Version 12.00
Project("{FAE04EC0-301F-11D3-BF4B-00C04F79EFBC}") = "RyuSocks", "RyuSocks\RyuSocks.csproj", "{A848097A-C61F-4AB8-B66D-B5CCA65F9429}"
EndProject
Project("{FAE04EC0-301F-11D3-BF4B-00C04F79EFBC}") = "RyuSocks.Generator", "RyuSocks.Generator\RyuSocks.Generator.csproj", "{21BEAAFA-2232-4419-8639-F6006CF34727}"
EndProject
Project("{FAE04EC0-301F-11D3-BF4B-00C04F79EFBC}") = "RyuSocks.Test", "RyuSocks.Test\RyuSocks.Test.csproj", "{2805D24D-54EF-4F3F-BB99-A2748631C561}"
EndProject
Global
	GlobalSection(SolutionConfigurationPlatforms) = preSolution
		Debug|Any CPU = Debug|Any CPU
		Release|Any CPU = Release|Any CPU
	EndGlobalSection
	GlobalSection(ProjectConfigurationPlatforms) = postSolution
		{A848097A-C61F-4AB8-B66D-B5CCA65F9429}.Debug|Any CPU.ActiveCfg = Debug|Any CPU
		{A848097A-C61F-4AB8-B66D-B5CCA65F9429}.Debug|Any CPU.Build.0 = Debug|Any CPU
		{A848097A-C61F-4AB8-B66D-B5CCA65F9429}.Release|Any CPU.ActiveCfg = Release|Any CPU
		{A848097A-C61F-4AB8-B66D-B5CCA65F9429}.Release|Any CPU.Build.0 = Release|Any CPU
		{21BEAAFA-2232-4419-8639-F6006CF34727}.Debug|Any CPU.ActiveCfg = Debug|Any CPU
		{21BEAAFA-2232-4419-8639-F6006CF34727}.Debug|Any CPU.Build.0 = Debug|Any CPU
		{21BEAAFA-2232-4419-8639-F6006CF34727}.Release|Any CPU.ActiveCfg = Release|Any CPU
		{21BEAAFA-2232-4419-8639-F6006CF34727}.Release|Any CPU.Build.0 = Release|Any CPU
		{2805D24D-54EF-4F3F-BB99-A2748631C561}.Debug|Any CPU.ActiveCfg = Debug|Any CPU
		{2805D24D-54EF-4F3F-BB99-A2748631C561}.Debug|Any CPU.Build.0 = Debug|Any CPU
		{2805D24D-54EF-4F3F-BB99-A2748631C561}.Release|Any CPU.ActiveCfg = Release|Any CPU
		{2805D24D-54EF-4F3F-BB99-A2748631C561}.Release|Any CPU.Build.0 = Release|Any CPU
	EndGlobalSection
EndGlobal
